/app/A # cat package-lock.json
{
  "name": "las_fe",
  "version": "0.0.0",
  "lockfileVersion": 3,
  "requires": true,
  "packages": {
    "": {
      "name": "las_fe",
      "version": "0.0.0",
      "dependencies": {
        "@tanstack/react-query": "^5.90.20",
        "zustand": "^5.0.11"
      }
    },
    "node_modules/@tanstack/query-core": {
      "version": "5.99.2",
      "resolved": "https://registry.npmjs.org/@tanstack/query-core/-/query-core-5.99.2.tgz",
      "integrity": "sha512-1HunU0bXVsR1ZJMZbcOPE6VtaBJxsW809RE9xPe4Gz7MlB0GWwQvuTPhMoEmQ/hIzFKJ/DWAuttIe7BOaWx0tA==",
      "license": "MIT",
      "funding": {
        "type": "github",
        "url": "https://github.com/sponsors/tannerlinsley"
      }
    },
    "node_modules/@tanstack/react-query": {
      "version": "5.99.2",
      "resolved": "https://registry.npmjs.org/@tanstack/react-query/-/react-query-5.99.2.tgz",
      "integrity": "sha512-vM91UEe45QUS9ED6OklsVL15i8qKcRqNwpWzPTVWvRPRSEgDudDgHpvyTjcdlwHcrKNa80T+xXYcchT2noPnZA==",
      "license": "MIT",
      "dependencies": {
        "@tanstack/query-core": "5.99.2"
      },
      "funding": {
        "type": "github",
        "url": "https://github.com/sponsors/tannerlinsley"
      },
      "peerDependencies": {
        "react": "^18 || ^19"
      }
    },
    "node_modules/react": {
      "version": "19.2.5",
      "resolved": "https://registry.npmjs.org/react/-/react-19.2.5.tgz",
      "integrity": "sha512-llUJLzz1zTUBrskt2pwZgLq59AemifIftw4aB7JxOqf1HY2FDaGDxgwpAPVzHU1kdWabH7FauP4i1oEeer2WCA==",
      "license": "MIT",
      "peer": true,
      "engines": {
        "node": ">=0.10.0"
      }
    },
    "node_modules/zustand": {
      "version": "5.0.12",
      "resolved": "https://registry.npmjs.org/zustand/-/zustand-5.0.12.tgz",
      "integrity": "sha512-i77ae3aZq4dhMlRhJVCYgMLKuSiZAaUPAct2AksxQ+gOtimhGMdXljRT21P5BNpeT4kXlLIckvkPM029OljD7g==",
      "license": "MIT",
      "engines": {
        "node": ">=12.20.0"
      },
      "peerDependencies": {
        "@types/react": ">=18.0.0",
        "immer": ">=9.0.6",
        "react": ">=18.0.0",
        "use-sync-external-store": ">=1.2.0"
      },
      "peerDependenciesMeta": {
        "@types/react": {
          "optional": true
        },
        "immer": {
          "optional": true
        },
        "react": {
          "optional": true
        },
        "use-sync-external-store": {
          "optional": true
        }
      }
    }
  }
}
/app/A #